
Microsoft Visual Studio Solution File, Format Version 12.00
# Visual Studio Version 17
VisualStudioVersion = 17.3.32929.385
MinimumVisualStudioVersion = 10.0.40219.1
Project("{FAE04EC0-301F-11D3-BF4B-00C04F79EFBC}") = "ToyRobot-t", "ToyRobot-t\ToyRobot-t.csproj", "{170D87A5-3CC5-4170-9E60-3295F81B9B0A}"
EndProject
Global
	GlobalSection(SolutionConfigurationPlatforms) = preSolution
		Debug|Any CPU = Debug|Any CPU
		Release|Any CPU = Release|Any CPU
	EndGlobalSection
	GlobalSection(ProjectConfigurationPlatforms) = postSolution
		{170D87A5-3CC5-4170-9E60-3295F81B9B0A}.Debug|Any CPU.ActiveCfg = Debug|Any CPU
		{170D87A5-3CC5-4170-9E60-3295F81B9B0A}.Debug|Any CPU.Build.0 = Debug|Any CPU
		{170D87A5-3CC5-4170-9E60-3295F81B9B0A}.Release|Any CPU.ActiveCfg = Release|Any CPU
		{170D87A5-3CC5-4170-9E60-3295F81B9B0A}.Release|Any CPU.Build.0 = Release|Any CPU
	EndGlobalSection
	GlobalSection(SolutionProperties) = preSolution
		HideSolutionNode = FALSE
	EndGlobalSection
	GlobalSection(ExtensibilityGlobals) = postSolution
		SolutionGuid = {7FF4D811-F410-415F-8093-56E214880197}
	EndGlobalSection
EndGlobal
